// !$*UTF8*$!
{
	archiveVersion = 1;
	classes = {
	};
	objectVersion = 50;
	objects = {

/* Begin PBXBuildFile section */
		3ADCED3B24378E88001D0ED8 /* AppDelegate.swift in Sources */ = {isa = PBXBuildFile; fileRef = 3ADCED3A24378E88001D0ED8 /* AppDelegate.swift */; };
		3ADCED3D24378E88001D0ED8 /* SceneDelegate.swift in Sources */ = {isa = PBXBuildFile; fileRef = 3ADCED3C24378E88001D0ED8 /* SceneDelegate.swift */; };
		3ADCED4224378E88001D0ED8 /* Main.storyboard in Resources */ = {isa = PBXBuildFile; fileRef = 3ADCED4024378E88001D0ED8 /* Main.storyboard */; };
		3ADCED4424378E8A001D0ED8 /* Assets.xcassets in Resources */ = {isa = PBXBuildFile; fileRef = 3ADCED4324378E8A001D0ED8 /* Assets.xcassets */; };
		3ADCED4724378E8A001D0ED8 /* LaunchScreen.storyboard in Resources */ = {isa = PBXBuildFile; fileRef = 3ADCED4524378E8A001D0ED8 /* LaunchScreen.storyboard */; };
		3ADCED512437941A001D0ED8 /* SenderViewController.swift in Sources */ = {isa = PBXBuildFile; fileRef = 3ADCED502437941A001D0ED8 /* SenderViewController.swift */; };
		3ADCED532437B424001D0ED8 /* ReceiverViewController.swift in Sources */ = {isa = PBXBuildFile; fileRef = 3ADCED522437B424001D0ED8 /* ReceiverViewController.swift */; };
/* End PBXBuildFile section */

/* Begin PBXFileReference section */
		3ADCED3724378E88001D0ED8 /* delegaterProto.app */ = {isa = PBXFileReference; explicitFileType = wrapper.application; includeInIndex = 0; path = delegaterProto.app; sourceTree = BUILT_PRODUCTS_DIR; };
		3ADCED3A24378E88001D0ED8 /* AppDelegate.swift */ = {isa = PBXFileReference; lastKnownFileType = sourcecode.swift; path = AppDelegate.swift; sourceTree = "<group>"; };
		3ADCED3C24378E88001D0ED8 /* SceneDelegate.swift */ = {isa = PBXFileReference; lastKnownFileType = sourcecode.swift; path = SceneDelegate.swift; sourceTree = "<group>"; };
		3ADCED4124378E88001D0ED8 /* Base */ = {isa = PBXFileReference; lastKnownFileType = file.storyboard; name = Base; path = Base.lproj/Main.storyboard; sourceTree = "<group>"; };
		3ADCED4324378E8A001D0ED8 /* Assets.xcassets */ = {isa = PBXFileReference; lastKnownFileType = folder.assetcatalog; path = Assets.xcassets; sourceTree = "<group>"; };
		3ADCED4624378E8A001D0ED8 /* Base */ = {isa = PBXFileReference; lastKnownFileType = file.storyboard; name = Base; path = Base.lproj/LaunchScreen.storyboard; sourceTree = "<group>"; };
		3ADCED4824378E8A001D0ED8 /* Info.plist */ = {isa = PBXFileReference; lastKnownFileType = text.plist.xml; path = Info.plist; sourceTree = "<group>"; };
		3ADCED502437941A001D0ED8 /* SenderViewController.swift */ = {isa = PBXFileReference; lastKnownFileType = sourcecode.swift; path = SenderViewController.swift; sourceTree = "<group>"; };
		3ADCED522437B424001D0ED8 /* ReceiverViewController.swift */ = {isa = PBXFileReference; lastKnownFileType = sourcecode.swift; path = ReceiverViewController.swift; sourceTree = "<group>"; };
/* End PBXFileReference section */

/* Begin PBXFrameworksBuildPhase section */
		3ADCED3424378E88001D0ED8 /* Frameworks */ = {
			isa = PBXFrameworksBuildPhase;
			buildActionMask = 2147483647;
			files = (
			);
			runOnlyForDeploymentPostprocessing = 0;
		};
/* End PBXFrameworksBuildPhase section */

/* Begin PBXGroup section */
		3ADCED2E24378E88001D0ED8 = {
			isa = PBXGroup;
			children = (
				3ADCED3924378E88001D0ED8 /* delegaterProto */,
				3ADCED3824378E88001D0ED8 /* Products */,
			);
			sourceTree = "<group>";
		};
		3ADCED3824378E88001D0ED8 /* Products */ = {
			isa = PBXGroup;
			children = (
				3ADCED3724378E88001D0ED8 /* delegaterProto.app */,
			);
			name = Products;
			sourceTree = "<group>";
		};
		3ADCED3924378E88001D0ED8 /* delegaterProto */ = {
			isa = PBXGroup;
			children = (
				3ADCED3A24378E88001D0ED8 /* AppDelegate.swift */,
				3ADCED3C24378E88001D0ED8 /* SceneDelegate.swift */,
				3ADCED4024378E88001D0ED8 /* Main.storyboard */,
				3ADCED522437B424001D0ED8 /* ReceiverViewController.swift */,
				3ADCED502437941A001D0ED8 /* SenderViewController.swift */,
				3ADCED4324378E8A001D0ED8 /* Assets.xcassets */,
				3ADCED4524378E8A001D0ED8 /* LaunchScreen.storyboard */,
				3ADCED4824378E8A001D0ED8 /* Info.plist */,
			);
			path = delegaterProto;
			sourceTree = "<group>";
		};
/* End PBXGroup section */

/* Begin PBXNativeTarget section */
		3ADCED3624378E88001D0ED8 /* delegaterProto */ = {
			isa = PBXNativeTarget;
			buildConfigurationList = 3ADCED4B24378E8A001D0ED8 /* Build configuration list for PBXNativeTarget "delegaterProto" */;
			buildPhases = (
				3ADCED3324378E88001D0ED8 /* Sources */,
				3ADCED3424378E88001D0ED8 /* Frameworks */,
				3ADCED3524378E88001D0ED8 /* Resources */,
			);
			buildRules = (
			);
			dependencies = (
			);
			name = delegaterProto;
			productName = delegaterProto;
			productReference = 3ADCED3724378E88001D0ED8 /* delegaterProto.app */;
			productType = "com.apple.product-type.application";
		};
/* End PBXNativeTarget section */

/* Begin PBXProject section */
		3ADCED2F24378E88001D0ED8 /* Project object */ = {
			isa = PBXProject;
			attributes = {
				LastSwiftUpdateCheck = 1130;
				LastUpgradeCheck = 1130;
				ORGANIZATIONNAME = "Field Employee";
				TargetAttributes = {
					3ADCED3624378E88001D0ED8 = {
						CreatedOnToolsVersion = 11.3.1;
					};
				};
			};
			buildConfigurationList = 3ADCED3224378E88001D0ED8 /* Build configuration list for PBXProject "delegaterProto" */;
			compatibilityVersion = "Xcode 9.3";
			developmentRegion = en;
			hasScannedForEncodings = 0;
			knownRegions = (
				en,
				Base,
			);
			mainGroup = 3ADCED2E24378E88001D0ED8;
			productRefGroup = 3ADCED3824378E88001D0ED8 /* Products */;
			projectDirPath = "";
			projectRoot = "";
			targets = (
				3ADCED3624378E88001D0ED8 /* delegaterProto */,
			);
		};
/* End PBXProject section */

/* Begin PBXResourcesBuildPhase section */
		3ADCED3524378E88001D0ED8 /* Resources */ = {
			isa = PBXResourcesBuildPhase;
			buildActionMask = 2147483647;
			files = (
				3ADCED4724378E8A001D0ED8 /* LaunchScreen.storyboard in Resources */,
				3ADCED4424378E8A001D0ED8 /* Assets.xcassets in Resources */,
				3ADCED4224378E88001D0ED8 /* Main.storyboard in Resources */,
			);
			runOnlyForDeploymentPostprocessing = 0;
		};
/* End PBXResourcesBuildPhase section */

/* Begin PBXSourcesBuildPhase section */
		3ADCED3324378E88001D0ED8 /* Sources */ = {
			isa = PBXSourcesBuildPhase;
			buildActionMask = 2147483647;
			files = (
				3ADCED512437941A001D0ED8 /* SenderViewController.swift in Sources */,
				3ADCED3B24378E88001D0ED8 /* AppDelegate.swift in Sources */,
				3ADCED3D24378E88001D0ED8 /* SceneDelegate.swift in Sources */,
				3ADCED532437B424001D0ED8 /* ReceiverViewController.swift in Sources */,
			);
			runOnlyForDeploymentPostprocessing = 0;
		};
/* End PBXSourcesBuildPhase section */

/* Begin PBXVariantGroup section */
		3ADCED4024378E88001D0ED8 /* Main.storyboard */ = {
			isa = PBXVariantGroup;
			children = (
				3ADCED4124378E88001D0ED8 /* Base */,
			);
			name = Main.storyboard;
			sourceTree = "<group>";
		};
		3ADCED4524378E8A001D0ED8 /* LaunchScreen.storyboard */ = {
			isa = PBXVariantGroup;
			children = (
				3ADCED4624378E8A001D0ED8 /* Base */,
			);
			name = LaunchScreen.storyboard;
			sourceTree = "<group>";
		};
/* End PBXVariantGroup section */

/* Begin XCBuildConfiguration section */
		3ADCED4924378E8A001D0ED8 /* Debug */ = {
			isa = XCBuildConfiguration;
			buildSettings = {
				ALWAYS_SEARCH_USER_PATHS = NO;
				CLANG_ANALYZER_NONNULL = YES;
				CLANG_ANALYZER_NUMBER_OBJECT_CONVERSION = YES_AGGRESSIVE;
				CLANG_CXX_LANGUAGE_STANDARD = "gnu++14";
				CLANG_CXX_LIBRARY = "libc++";
				CLANG_ENABLE_MODULES = YES;
				CLANG_ENABLE_OBJC_ARC = YES;
				CLANG_ENABLE_OBJC_WEAK = YES;
				CLANG_WARN_BLOCK_CAPTURE_AUTORELEASING = YES;
				CLANG_WARN_BOOL_CONVERSION = YES;
				CLANG_WARN_COMMA = YES;
				CLANG_WARN_CONSTANT_CONVERSION = YES;
				CLANG_WARN_DEPRECATED_OBJC_IMPLEMENTATIONS = YES;
				CLANG_WARN_DIRECT_OBJC_ISA_USAGE = YES_ERROR;
				CLANG_WARN_DOCUMENTATION_COMMENTS = YES;
				CLANG_WARN_EMPTY_BODY = YES;
				CLANG_WARN_ENUM_CONVERSION = YES;
				CLANG_WARN_INFINITE_RECURSION = YES;
				CLANG_WARN_INT_CONVERSION = YES;
				CLANG_WARN_NON_LITERAL_NULL_CONVERSION = YES;
				CLANG_WARN_OBJC_IMPLICIT_RETAIN_SELF = YES;
				CLANG_WARN_OBJC_LITERAL_CONVERSION = YES;
				CLANG_WARN_OBJC_ROOT_CLASS = YES_ERROR;
				CLANG_WARN_RANGE_LOOP_ANALYSIS = YES;
				CLANG_WARN_STRICT_PROTOTYPES = YES;
				CLANG_WARN_SUSPICIOUS_MOVE = YES;
				CLANG_WARN_UNGUARDED_AVAILABILITY = YES_AGGRESSIVE;
				CLANG_WARN_UNREACHABLE_CODE = YES;
				CLANG_WARN__DUPLICATE_METHOD_MATCH = YES;
				COPY_PHASE_STRIP = NO;
				DEBUG_INFORMATION_FORMAT = dwarf;
				ENABLE_STRICT_OBJC_MSGSEND = YES;
				ENABLE_TESTABILITY = YES;
				GCC_C_LANGUAGE_STANDARD = gnu11;
				GCC_DYNAMIC_NO_PIC = NO;
				GCC_NO_COMMON_BLOCKS = YES;
				GCC_OPTIMIZATION_LEVEL = 0;
				GCC_PREPROCESSOR_DEFINITIONS = (
					"DEBUG=1",
					"$(inherited)",
				);
				GCC_WARN_64_TO_32_BIT_CONVERSION = YES;
				GCC_WARN_ABOUT_RETURN_TYPE = YES_ERROR;
				GCC_WARN_UNDECLARED_SELECTOR = YES;
				GCC_WARN_UNINITIALIZED_AUTOS = YES_AGGRESSIVE;
				GCC_WARN_UNUSED_FUNCTION = YES;
				GCC_WARN_UNUSED_VARIABLE = YES;
				IPHONEOS_DEPLOYMENT_TARGET = 13.2;
				MTL_ENABLE_DEBUG_INFO = INCLUDE_SOURCE;
				MTL_FAST_MATH = YES;
				ONLY_ACTIVE_ARCH = YES;
				SDKROOT = iphoneos;
				SWIFT_ACTIVE_COMPILATION_CONDITIONS = DEBUG;
				SWIFT_OPTIMIZATION_LEVEL = "-Onone";
			};
			name = Debug;
		};
		3ADCED4A24378E8A001D0ED8 /* Release */ = {
			isa = XCBuildConfiguration;
			buildSettings = {
				ALWAYS_SEARCH_USER_PATHS = NO;
				CLANG_ANALYZER_NONNULL = YES;
				CLANG_ANALYZER_NUMBER_OBJECT_CONVERSION = YES_AGGRESSIVE;
				CLANG_CXX_LANGUAGE_STANDARD = "gnu++14";
				CLANG_CXX_LIBRARY = "libc++";
				CLANG_ENABLE_MODULES = YES;
				CLANG_ENABLE_OBJC_ARC = YES;
				CLANG_ENABLE_OBJC_WEAK = YES;
				CLANG_WARN_BLOCK_CAPTURE_AUTORELEASING = YES;
				CLANG_WARN_BOOL_CONVERSION = YES;
				CLANG_WARN_COMMA = YES;
				CLANG_WARN_CONSTANT_CONVERSION = YES;
				CLANG_WARN_DEPRECATED_OBJC_IMPLEMENTATIONS = YES;
				CLANG_WARN_DIRECT_OBJC_ISA_USAGE = YES_ERROR;
				CLANG_WARN_DOCUMENTATION_COMMENTS = YES;
				CLANG_WARN_EMPTY_BODY = YES;
				CLANG_WARN_ENUM_CONVERSION = YES;
				CLANG_WARN_INFINITE_RECURSION = YES;
				CLANG_WARN_INT_CONVERSION = YES;
				CLANG_WARN_NON_LITERAL_NULL_CONVERSION = YES;
				CLANG_WARN_OBJC_IMPLICIT_RETAIN_SELF = YES;
				CLANG_WARN_OBJC_LITERAL_CONVERSION = YES;
				CLANG_WARN_OBJC_ROOT_CLASS = YES_ERROR;
				CLANG_WARN_RANGE_LOOP_ANALYSIS = YES;
				CLANG_WARN_STRICT_PROTOTYPES = YES;
				CLANG_WARN_SUSPICIOUS_MOVE = YES;
				CLANG_WARN_UNGUARDED_AVAILABILITY = YES_AGGRESSIVE;
				CLANG_WARN_UNREACHABLE_CODE = YES;
				CLANG_WARN__DUPLICATE_METHOD_MATCH = YES;
				COPY_PHASE_STRIP = NO;
				DEBUG_INFORMATION_FORMAT = "dwarf-with-dsym";
				ENABLE_NS_ASSERTIONS = NO;
				ENABLE_STRICT_OBJC_MSGSEND = YES;
				GCC_C_LANGUAGE_STANDARD = gnu11;
				GCC_NO_COMMON_BLOCKS = YES;
				GCC_WARN_64_TO_32_BIT_CONVERSION = YES;
				GCC_WARN_ABOUT_RETURN_TYPE = YES_ERROR;
				GCC_WARN_UNDECLARED_SELECTOR = YES;
				GCC_WARN_UNINITIALIZED_AUTOS = YES_AGGRESSIVE;
				GCC_WARN_UNUSED_FUNCTION = YES;
				GCC_WARN_UNUSED_VARIABLE = YES;
				IPHONEOS_DEPLOYMENT_TARGET = 13.2;
				MTL_ENABLE_DEBUG_INFO = NO;
				MTL_FAST_MATH = YES;
				SDKROOT = iphoneos;
				SWIFT_COMPILATION_MODE = wholemodule;
				SWIFT_OPTIMIZATION_LEVEL = "-O";
				VALIDATE_PRODUCT = YES;
			};
			name = Release;
		};
		3ADCED4C24378E8A001D0ED8 /* Debug */ = {
			isa = XCBuildConfiguration;
			buildSettings = {
				ASSETCATALOG_COMPILER_APPICON_NAME = AppIcon;
				CODE_SIGN_STYLE = Automatic;
				INFOPLIST_FILE = delegaterProto/Info.plist;
				LD_RUNPATH_SEARCH_PATHS = (
					"$(inherited)",
					"@executable_path/Frameworks",
				);
				PRODUCT_BUNDLE_IDENTIFIER = company.delegaterProto;
				PRODUCT_NAME = "$(TARGET_NAME)";
				SWIFT_VERSION = 5.0;
				TARGETED_DEVICE_FAMILY = "1,2";
			};
			name = Debug;
		};
		3ADCED4D24378E8A001D0ED8 /* Release */ = {
			isa = XCBuildConfiguration;
			buildSettings = {
				ASSETCATALOG_COMPILER_APPICON_NAME = AppIcon;
				CODE_SIGN_STYLE = Automatic;
				INFOPLIST_FILE = delegaterProto/Info.plist;
				LD_RUNPATH_SEARCH_PATHS = (
					"$(inherited)",
					"@executable_path/Frameworks",
				);
				PRODUCT_BUNDLE_IDENTIFIER = company.delegaterProto;
				PRODUCT_NAME = "$(TARGET_NAME)";
				SWIFT_VERSION = 5.0;
				TARGETED_DEVICE_FAMILY = "1,2";
			};
			name = Release;
		};
/* End XCBuildConfiguration section */

/* Begin XCConfigurationList section */
		3ADCED3224378E88001D0ED8 /* Build configuration list for PBXProject "delegaterProto" */ = {
			isa = XCConfigurationList;
			buildConfigurations = (
				3ADCED4924378E8A001D0ED8 /* Debug */,
				3ADCED4A24378E8A001D0ED8 /* Release */,
			);
			defaultConfigurationIsVisible = 0;
			defaultConfigurationName = Release;
		};
		3ADCED4B24378E8A001D0ED8 /* Build configuration list for PBXNativeTarget "delegaterProto" */ = {
			isa = XCConfigurationList;
			buildConfigurations = (
				3ADCED4C24378E8A001D0ED8 /* Debug */,
				3ADCED4D24378E8A001D0ED8 /* Release */,
			);
			defaultConfigurationIsVisible = 0;
			defaultConfigurationName = Release;
		};
/* End XCConfigurationList section */
	};
	rootObject = 3ADCED2F24378E88001D0ED8 /* Project object */;
}
